
Microsoft Visual Studio Solution File, Format Version 12.00
# Visual Studio Version 16
VisualStudioVersion = 16.0.30717.126
MinimumVisualStudioVersion = 10.0.40219.1
Project("{FAE04EC0-301F-11D3-BF4B-00C04F79EFBC}") = "Store01", "Store01\Store01.csproj", "{9E0DC104-3A09-4A4E-AAB4-678DD288E74B}"
EndProject
Global
	GlobalSection(SolutionConfigurationPlatforms) = preSolution
		Debug|Any CPU = Debug|Any CPU
		Release|Any CPU = Release|Any CPU
	EndGlobalSection
	GlobalSection(ProjectConfigurationPlatforms) = postSolution
		{9E0DC104-3A09-4A4E-AAB4-678DD288E74B}.Debug|Any CPU.ActiveCfg = Debug|Any CPU
		{9E0DC104-3A09-4A4E-AAB4-678DD288E74B}.Debug|Any CPU.Build.0 = Debug|Any CPU
		{9E0DC104-3A09-4A4E-AAB4-678DD288E74B}.Release|Any CPU.ActiveCfg = Release|Any CPU
		{9E0DC104-3A09-4A4E-AAB4-678DD288E74B}.Release|Any CPU.Build.0 = Release|Any CPU
	EndGlobalSection
	GlobalSection(SolutionProperties) = preSolution
		HideSolutionNode = FALSE
	EndGlobalSection
	GlobalSection(ExtensibilityGlobals) = postSolution
		SolutionGuid = {A4F744E0-5F95-4097-A0DD-F52A656AF0E8}
	EndGlobalSection
EndGlobal
